// !$*UTF8*$!
{
	archiveVersion = 1;
	classes = {
	};
	objectVersion = 50;
	objects = {

/* Begin PBXBuildFile section */
		180E2290258CD50500A02174 /* ColorViewController.swift in Sources */ = {isa = PBXBuildFile; fileRef = 180E228F258CD50500A02174 /* ColorViewController.swift */; };
		18331CD52587431300D957F4 /* AppDelegate.swift in Sources */ = {isa = PBXBuildFile; fileRef = 18331CD42587431300D957F4 /* AppDelegate.swift */; };
		18331CD72587431300D957F4 /* SceneDelegate.swift in Sources */ = {isa = PBXBuildFile; fileRef = 18331CD62587431300D957F4 /* SceneDelegate.swift */; };
		18331CD92587431300D957F4 /* ViewController.swift in Sources */ = {isa = PBXBuildFile; fileRef = 18331CD82587431300D957F4 /* ViewController.swift */; };
		18331CDC2587431300D957F4 /* Main.storyboard in Resources */ = {isa = PBXBuildFile; fileRef = 18331CDA2587431300D957F4 /* Main.storyboard */; };
		18331CDE2587431500D957F4 /* Assets.xcassets in Resources */ = {isa = PBXBuildFile; fileRef = 18331CDD2587431500D957F4 /* Assets.xcassets */; };
		18331CE12587431500D957F4 /* LaunchScreen.storyboard in Resources */ = {isa = PBXBuildFile; fileRef = 18331CDF2587431500D957F4 /* LaunchScreen.storyboard */; };
		2FE1D997258F5422002E8BB5 /* Color.swift in Sources */ = {isa = PBXBuildFile; fileRef = 2FE1D996258F5422002E8BB5 /* Color.swift */; };
/* End PBXBuildFile section */

/* Begin PBXFileReference section */
		180E228F258CD50500A02174 /* ColorViewController.swift */ = {isa = PBXFileReference; lastKnownFileType = sourcecode.swift; path = ColorViewController.swift; sourceTree = "<group>"; };
		18331CD12587431300D957F4 /* Number.app */ = {isa = PBXFileReference; explicitFileType = wrapper.application; includeInIndex = 0; path = Number.app; sourceTree = BUILT_PRODUCTS_DIR; };
		18331CD42587431300D957F4 /* AppDelegate.swift */ = {isa = PBXFileReference; lastKnownFileType = sourcecode.swift; path = AppDelegate.swift; sourceTree = "<group>"; };
		18331CD62587431300D957F4 /* SceneDelegate.swift */ = {isa = PBXFileReference; lastKnownFileType = sourcecode.swift; path = SceneDelegate.swift; sourceTree = "<group>"; };
		18331CD82587431300D957F4 /* ViewController.swift */ = {isa = PBXFileReference; lastKnownFileType = sourcecode.swift; path = ViewController.swift; sourceTree = "<group>"; };
		18331CDB2587431300D957F4 /* Base */ = {isa = PBXFileReference; lastKnownFileType = file.storyboard; name = Base; path = Base.lproj/Main.storyboard; sourceTree = "<group>"; };
		18331CDD2587431500D957F4 /* Assets.xcassets */ = {isa = PBXFileReference; lastKnownFileType = folder.assetcatalog; path = Assets.xcassets; sourceTree = "<group>"; };
		18331CE02587431500D957F4 /* Base */ = {isa = PBXFileReference; lastKnownFileType = file.storyboard; name = Base; path = Base.lproj/LaunchScreen.storyboard; sourceTree = "<group>"; };
		18331CE22587431500D957F4 /* Info.plist */ = {isa = PBXFileReference; lastKnownFileType = text.plist.xml; path = Info.plist; sourceTree = "<group>"; };
		2FE1D996258F5422002E8BB5 /* Color.swift */ = {isa = PBXFileReference; lastKnownFileType = sourcecode.swift; path = Color.swift; sourceTree = "<group>"; };
/* End PBXFileReference section */

/* Begin PBXFrameworksBuildPhase section */
		18331CCE2587431300D957F4 /* Frameworks */ = {
			isa = PBXFrameworksBuildPhase;
			buildActionMask = 2147483647;
			files = (
			);
			runOnlyForDeploymentPostprocessing = 0;
		};
/* End PBXFrameworksBuildPhase section */

/* Begin PBXGroup section */
		18331CC82587431300D957F4 = {
			isa = PBXGroup;
			children = (
				18331CD32587431300D957F4 /* Number */,
				18331CD22587431300D957F4 /* Products */,
			);
			sourceTree = "<group>";
		};
		18331CD22587431300D957F4 /* Products */ = {
			isa = PBXGroup;
			children = (
				18331CD12587431300D957F4 /* Number.app */,
			);
			name = Products;
			sourceTree = "<group>";
		};
		18331CD32587431300D957F4 /* Number */ = {
			isa = PBXGroup;
			children = (
				18331CD42587431300D957F4 /* AppDelegate.swift */,
				18331CD62587431300D957F4 /* SceneDelegate.swift */,
				2FE1D996258F5422002E8BB5 /* Color.swift */,
				18331CD82587431300D957F4 /* ViewController.swift */,
				180E228F258CD50500A02174 /* ColorViewController.swift */,
				18331CDA2587431300D957F4 /* Main.storyboard */,
				18331CDF2587431500D957F4 /* LaunchScreen.storyboard */,
				18331CDD2587431500D957F4 /* Assets.xcassets */,
				18331CE22587431500D957F4 /* Info.plist */,
			);
			path = Number;
			sourceTree = "<group>";
		};
/* End PBXGroup section */

/* Begin PBXNativeTarget section */
		18331CD02587431300D957F4 /* Number */ = {
			isa = PBXNativeTarget;
			buildConfigurationList = 18331CE52587431500D957F4 /* Build configuration list for PBXNativeTarget "Number" */;
			buildPhases = (
				18331CCD2587431300D957F4 /* Sources */,
				18331CCE2587431300D957F4 /* Frameworks */,
				18331CCF2587431300D957F4 /* Resources */,
			);
			buildRules = (
			);
			dependencies = (
			);
			name = Number;
			productName = Number;
			productReference = 18331CD12587431300D957F4 /* Number.app */;
			productType = "com.apple.product-type.application";
		};
/* End PBXNativeTarget section */

/* Begin PBXProject section */
		18331CC92587431300D957F4 /* Project object */ = {
			isa = PBXProject;
			attributes = {
				LastSwiftUpdateCheck = 1200;
				LastUpgradeCheck = 1200;
				TargetAttributes = {
					18331CD02587431300D957F4 = {
						CreatedOnToolsVersion = 12.0.1;
					};
				};
			};
			buildConfigurationList = 18331CCC2587431300D957F4 /* Build configuration list for PBXProject "Number" */;
			compatibilityVersion = "Xcode 9.3";
			developmentRegion = en;
			hasScannedForEncodings = 0;
			knownRegions = (
				en,
				Base,
			);
			mainGroup = 18331CC82587431300D957F4;
			productRefGroup = 18331CD22587431300D957F4 /* Products */;
			projectDirPath = "";
			projectRoot = "";
			targets = (
				18331CD02587431300D957F4 /* Number */,
			);
		};
/* End PBXProject section */

/* Begin PBXResourcesBuildPhase section */
		18331CCF2587431300D957F4 /* Resources */ = {
			isa = PBXResourcesBuildPhase;
			buildActionMask = 2147483647;
			files = (
				18331CE12587431500D957F4 /* LaunchScreen.storyboard in Resources */,
				18331CDE2587431500D957F4 /* Assets.xcassets in Resources */,
				18331CDC2587431300D957F4 /* Main.storyboard in Resources */,
			);
			runOnlyForDeploymentPostprocessing = 0;
		};
/* End PBXResourcesBuildPhase section */

/* Begin PBXSourcesBuildPhase section */
		18331CCD2587431300D957F4 /* Sources */ = {
			isa = PBXSourcesBuildPhase;
			buildActionMask = 2147483647;
			files = (
				18331CD92587431300D957F4 /* ViewController.swift in Sources */,
				18331CD52587431300D957F4 /* AppDelegate.swift in Sources */,
				180E2290258CD50500A02174 /* ColorViewController.swift in Sources */,
				2FE1D997258F5422002E8BB5 /* Color.swift in Sources */,
				18331CD72587431300D957F4 /* SceneDelegate.swift in Sources */,
			);
			runOnlyForDeploymentPostprocessing = 0;
		};
/* End PBXSourcesBuildPhase section */

/* Begin PBXVariantGroup section */
		18331CDA2587431300D957F4 /* Main.storyboard */ = {
			isa = PBXVariantGroup;
			children = (
				18331CDB2587431300D957F4 /* Base */,
			);
			name = Main.storyboard;
			sourceTree = "<group>";
		};
		18331CDF2587431500D957F4 /* LaunchScreen.storyboard */ = {
			isa = PBXVariantGroup;
			children = (
				18331CE02587431500D957F4 /* Base */,
			);
			name = LaunchScreen.storyboard;
			sourceTree = "<group>";
		};
/* End PBXVariantGroup section */

/* Begin XCBuildConfiguration section */
		18331CE32587431500D957F4 /* Debug */ = {
			isa = XCBuildConfiguration;
			buildSettings = {
				ALWAYS_SEARCH_USER_PATHS = NO;
				CLANG_ANALYZER_NONNULL = YES;
				CLANG_ANALYZER_NUMBER_OBJECT_CONVERSION = YES_AGGRESSIVE;
				CLANG_CXX_LANGUAGE_STANDARD = "gnu++14";
				CLANG_CXX_LIBRARY = "libc++";
				CLANG_ENABLE_MODULES = YES;
				CLANG_ENABLE_OBJC_ARC = YES;
				CLANG_ENABLE_OBJC_WEAK = YES;
				CLANG_WARN_BLOCK_CAPTURE_AUTORELEASING = YES;
				CLANG_WARN_BOOL_CONVERSION = YES;
				CLANG_WARN_COMMA = YES;
				CLANG_WARN_CONSTANT_CONVERSION = YES;
				CLANG_WARN_DEPRECATED_OBJC_IMPLEMENTATIONS = YES;
				CLANG_WARN_DIRECT_OBJC_ISA_USAGE = YES_ERROR;
				CLANG_WARN_DOCUMENTATION_COMMENTS = YES;
				CLANG_WARN_EMPTY_BODY = YES;
				CLANG_WARN_ENUM_CONVERSION = YES;
				CLANG_WARN_INFINITE_RECURSION = YES;
				CLANG_WARN_INT_CONVERSION = YES;
				CLANG_WARN_NON_LITERAL_NULL_CONVERSION = YES;
				CLANG_WARN_OBJC_IMPLICIT_RETAIN_SELF = YES;
				CLANG_WARN_OBJC_LITERAL_CONVERSION = YES;
				CLANG_WARN_OBJC_ROOT_CLASS = YES_ERROR;
				CLANG_WARN_QUOTED_INCLUDE_IN_FRAMEWORK_HEADER = YES;
				CLANG_WARN_RANGE_LOOP_ANALYSIS = YES;
				CLANG_WARN_STRICT_PROTOTYPES = YES;
				CLANG_WARN_SUSPICIOUS_MOVE = YES;
				CLANG_WARN_UNGUARDED_AVAILABILITY = YES_AGGRESSIVE;
				CLANG_WARN_UNREACHABLE_CODE = YES;
				CLANG_WARN__DUPLICATE_METHOD_MATCH = YES;
				COPY_PHASE_STRIP = NO;
				DEBUG_INFORMATION_FORMAT = dwarf;
				ENABLE_STRICT_OBJC_MSGSEND = YES;
				ENABLE_TESTABILITY = YES;
				GCC_C_LANGUAGE_STANDARD = gnu11;
				GCC_DYNAMIC_NO_PIC = NO;
				GCC_NO_COMMON_BLOCKS = YES;
				GCC_OPTIMIZATION_LEVEL = 0;
				GCC_PREPROCESSOR_DEFINITIONS = (
					"DEBUG=1",
					"$(inherited)",
				);
				GCC_WARN_64_TO_32_BIT_CONVERSION = YES;
				GCC_WARN_ABOUT_RETURN_TYPE = YES_ERROR;
				GCC_WARN_UNDECLARED_SELECTOR = YES;
				GCC_WARN_UNINITIALIZED_AUTOS = YES_AGGRESSIVE;
				GCC_WARN_UNUSED_FUNCTION = YES;
				GCC_WARN_UNUSED_VARIABLE = YES;
				IPHONEOS_DEPLOYMENT_TARGET = 14.0;
				MTL_ENABLE_DEBUG_INFO = INCLUDE_SOURCE;
				MTL_FAST_MATH = YES;
				ONLY_ACTIVE_ARCH = YES;
				SDKROOT = iphoneos;
				SWIFT_ACTIVE_COMPILATION_CONDITIONS = DEBUG;
				SWIFT_OPTIMIZATION_LEVEL = "-Onone";
			};
			name = Debug;
		};
		18331CE42587431500D957F4 /* Release */ = {
			isa = XCBuildConfiguration;
			buildSettings = {
				ALWAYS_SEARCH_USER_PATHS = NO;
				CLANG_ANALYZER_NONNULL = YES;
				CLANG_ANALYZER_NUMBER_OBJECT_CONVERSION = YES_AGGRESSIVE;
				CLANG_CXX_LANGUAGE_STANDARD = "gnu++14";
				CLANG_CXX_LIBRARY = "libc++";
				CLANG_ENABLE_MODULES = YES;
				CLANG_ENABLE_OBJC_ARC = YES;
				CLANG_ENABLE_OBJC_WEAK = YES;
				CLANG_WARN_BLOCK_CAPTURE_AUTORELEASING = YES;
				CLANG_WARN_BOOL_CONVERSION = YES;
				CLANG_WARN_COMMA = YES;
				CLANG_WARN_CONSTANT_CONVERSION = YES;
				CLANG_WARN_DEPRECATED_OBJC_IMPLEMENTATIONS = YES;
				CLANG_WARN_DIRECT_OBJC_ISA_USAGE = YES_ERROR;
				CLANG_WARN_DOCUMENTATION_COMMENTS = YES;
				CLANG_WARN_EMPTY_BODY = YES;
				CLANG_WARN_ENUM_CONVERSION = YES;
				CLANG_WARN_INFINITE_RECURSION = YES;
				CLANG_WARN_INT_CONVERSION = YES;
				CLANG_WARN_NON_LITERAL_NULL_CONVERSION = YES;
				CLANG_WARN_OBJC_IMPLICIT_RETAIN_SELF = YES;
				CLANG_WARN_OBJC_LITERAL_CONVERSION = YES;
				CLANG_WARN_OBJC_ROOT_CLASS = YES_ERROR;
				CLANG_WARN_QUOTED_INCLUDE_IN_FRAMEWORK_HEADER = YES;
				CLANG_WARN_RANGE_LOOP_ANALYSIS = YES;
				CLANG_WARN_STRICT_PROTOTYPES = YES;
				CLANG_WARN_SUSPICIOUS_MOVE = YES;
				CLANG_WARN_UNGUARDED_AVAILABILITY = YES_AGGRESSIVE;
				CLANG_WARN_UNREACHABLE_CODE = YES;
				CLANG_WARN__DUPLICATE_METHOD_MATCH = YES;
				COPY_PHASE_STRIP = NO;
				DEBUG_INFORMATION_FORMAT = "dwarf-with-dsym";
				ENABLE_NS_ASSERTIONS = NO;
				ENABLE_STRICT_OBJC_MSGSEND = YES;
				GCC_C_LANGUAGE_STANDARD = gnu11;
				GCC_NO_COMMON_BLOCKS = YES;
				GCC_WARN_64_TO_32_BIT_CONVERSION = YES;
				GCC_WARN_ABOUT_RETURN_TYPE = YES_ERROR;
				GCC_WARN_UNDECLARED_SELECTOR = YES;
				GCC_WARN_UNINITIALIZED_AUTOS = YES_AGGRESSIVE;
				GCC_WARN_UNUSED_FUNCTION = YES;
				GCC_WARN_UNUSED_VARIABLE = YES;
				IPHONEOS_DEPLOYMENT_TARGET = 14.0;
				MTL_ENABLE_DEBUG_INFO = NO;
				MTL_FAST_MATH = YES;
				SDKROOT = iphoneos;
				SWIFT_COMPILATION_MODE = wholemodule;
				SWIFT_OPTIMIZATION_LEVEL = "-O";
				VALIDATE_PRODUCT = YES;
			};
			name = Release;
		};
		18331CE62587431500D957F4 /* Debug */ = {
			isa = XCBuildConfiguration;
			buildSettings = {
				ASSETCATALOG_COMPILER_APPICON_NAME = AppIcon;
				ASSETCATALOG_COMPILER_GLOBAL_ACCENT_COLOR_NAME = AccentColor;
				CODE_SIGN_STYLE = Automatic;
				DEVELOPMENT_TEAM = KFL2ZFQWR4;
				INFOPLIST_FILE = Number/Info.plist;
				LD_RUNPATH_SEARCH_PATHS = (
					"$(inherited)",
					"@executable_path/Frameworks",
				);
				PRODUCT_BUNDLE_IDENTIFIER = ddimpalass.Number;
				PRODUCT_NAME = "$(TARGET_NAME)";
				SWIFT_VERSION = 5.0;
				TARGETED_DEVICE_FAMILY = 1;
			};
			name = Debug;
		};
		18331CE72587431500D957F4 /* Release */ = {
			isa = XCBuildConfiguration;
			buildSettings = {
				ASSETCATALOG_COMPILER_APPICON_NAME = AppIcon;
				ASSETCATALOG_COMPILER_GLOBAL_ACCENT_COLOR_NAME = AccentColor;
				CODE_SIGN_STYLE = Automatic;
				DEVELOPMENT_TEAM = KFL2ZFQWR4;
				INFOPLIST_FILE = Number/Info.plist;
				LD_RUNPATH_SEARCH_PATHS = (
					"$(inherited)",
					"@executable_path/Frameworks",
				);
				PRODUCT_BUNDLE_IDENTIFIER = ddimpalass.Number;
				PRODUCT_NAME = "$(TARGET_NAME)";
				SWIFT_VERSION = 5.0;
				TARGETED_DEVICE_FAMILY = 1;
			};
			name = Release;
		};
/* End XCBuildConfiguration section */

/* Begin XCConfigurationList section */
		18331CCC2587431300D957F4 /* Build configuration list for PBXProject "Number" */ = {
			isa = XCConfigurationList;
			buildConfigurations = (
				18331CE32587431500D957F4 /* Debug */,
				18331CE42587431500D957F4 /* Release */,
			);
			defaultConfigurationIsVisible = 0;
			defaultConfigurationName = Release;
		};
		18331CE52587431500D957F4 /* Build configuration list for PBXNativeTarget "Number" */ = {
			isa = XCConfigurationList;
			buildConfigurations = (
				18331CE62587431500D957F4 /* Debug */,
				18331CE72587431500D957F4 /* Release */,
			);
			defaultConfigurationIsVisible = 0;
			defaultConfigurationName = Release;
		};
/* End XCConfigurationList section */
	};
	rootObject = 18331CC92587431300D957F4 /* Project object */;
}
